
Microsoft Visual Studio Solution File, Format Version 12.00
# Visual Studio Version 17
VisualStudioVersion = 17.9.34622.214
MinimumVisualStudioVersion = 10.0.40219.1
Project("{FAE04EC0-301F-11D3-BF4B-00C04F79EFBC}") = "Dev.Data", "src\Dev.Data\Dev.Data.csproj", "{95BE4CA3-EDF3-459A-BA1E-C38B109ACBF1}"
EndProject
Project("{FAE04EC0-301F-11D3-BF4B-00C04F79EFBC}") = "Dev.Business", "src\Dev.Business\Dev.Business.csproj", "{1A2300DA-4FB4-496E-AF09-DE9EE4C5460D}"
EndProject
Project("{FAE04EC0-301F-11D3-BF4B-00C04F79EFBC}") = "Dev.Api", "src\Dev.Api\Dev.Api.csproj", "{E37D457A-28FD-4608-8AF6-9E72242EAD58}"
EndProject
Global
	GlobalSection(SolutionConfigurationPlatforms) = preSolution
		Debug|Any CPU = Debug|Any CPU
		Release|Any CPU = Release|Any CPU
	EndGlobalSection
	GlobalSection(ProjectConfigurationPlatforms) = postSolution
		{95BE4CA3-EDF3-459A-BA1E-C38B109ACBF1}.Debug|Any CPU.ActiveCfg = Debug|Any CPU
		{95BE4CA3-EDF3-459A-BA1E-C38B109ACBF1}.Debug|Any CPU.Build.0 = Debug|Any CPU
		{95BE4CA3-EDF3-459A-BA1E-C38B109ACBF1}.Release|Any CPU.ActiveCfg = Release|Any CPU
		{95BE4CA3-EDF3-459A-BA1E-C38B109ACBF1}.Release|Any CPU.Build.0 = Release|Any CPU
		{1A2300DA-4FB4-496E-AF09-DE9EE4C5460D}.Debug|Any CPU.ActiveCfg = Debug|Any CPU
		{1A2300DA-4FB4-496E-AF09-DE9EE4C5460D}.Debug|Any CPU.Build.0 = Debug|Any CPU
		{1A2300DA-4FB4-496E-AF09-DE9EE4C5460D}.Release|Any CPU.ActiveCfg = Release|Any CPU
		{1A2300DA-4FB4-496E-AF09-DE9EE4C5460D}.Release|Any CPU.Build.0 = Release|Any CPU
		{E37D457A-28FD-4608-8AF6-9E72242EAD58}.Debug|Any CPU.ActiveCfg = Debug|Any CPU
		{E37D457A-28FD-4608-8AF6-9E72242EAD58}.Debug|Any CPU.Build.0 = Debug|Any CPU
		{E37D457A-28FD-4608-8AF6-9E72242EAD58}.Release|Any CPU.ActiveCfg = Release|Any CPU
		{E37D457A-28FD-4608-8AF6-9E72242EAD58}.Release|Any CPU.Build.0 = Release|Any CPU
	EndGlobalSection
	GlobalSection(SolutionProperties) = preSolution
		HideSolutionNode = FALSE
	EndGlobalSection
	GlobalSection(ExtensibilityGlobals) = postSolution
		SolutionGuid = {832FF614-43C0-45EE-8A82-E508F0FB0C48}
	EndGlobalSection
EndGlobal
